// !$*UTF8*$!
{
	archiveVersion = 1;
	classes = {
	};
	objectVersion = 46;
	objects = {

/* Begin PBXBuildFile section */
		4513807819D9550A009F5108 /* Default-568h@2x.png in Resources */ = {isa = PBXBuildFile; fileRef = 4513807119D9550A009F5108 /* Default-568h@2x.png */; };
		4513807D19D9550A009F5108 /* Default.png in Resources */ = {isa = PBXBuildFile; fileRef = 4513807619D9550A009F5108 /* Default.png */; };
		4517A39519CB03C0002BEB36 /* facebook.png in Resources */ = {isa = PBXBuildFile; fileRef = 4517A39319CB03C0002BEB36 /* facebook.png */; };
		4517A39619CB03C0002BEB36 /* twitter.png in Resources */ = {isa = PBXBuildFile; fileRef = 4517A39419CB03C0002BEB36 /* twitter.png */; };
		4517A39919CB0C17002BEB36 /* Social.framework in Frameworks */ = {isa = PBXBuildFile; fileRef = 4517A39819CB0C17002BEB36 /* Social.framework */; };
		4519CB7419C1D5FC002007C7 /* team.png in Resources */ = {isa = PBXBuildFile; fileRef = 4519CB7319C1D5FC002007C7 /* team.png */; };
		4519CB7719C1DDB7002007C7 /* ATSettingsViewController.m in Sources */ = {isa = PBXBuildFile; fileRef = 4519CB7619C1DDB7002007C7 /* ATSettingsViewController.m */; };
		4519CB7919C1E89E002007C7 /* backBtn.png in Resources */ = {isa = PBXBuildFile; fileRef = 4519CB7819C1E89E002007C7 /* backBtn.png */; };
		4519CB7C19C20332002007C7 /* ATTeamTableViewController.m in Sources */ = {isa = PBXBuildFile; fileRef = 4519CB7B19C20332002007C7 /* ATTeamTableViewController.m */; };
		4519CB8019C20474002007C7 /* ATTableViewCell.m in Sources */ = {isa = PBXBuildFile; fileRef = 4519CB7E19C20474002007C7 /* ATTableViewCell.m */; };
		4519CB8119C20474002007C7 /* ATTableViewCell.xib in Resources */ = {isa = PBXBuildFile; fileRef = 4519CB7F19C20474002007C7 /* ATTableViewCell.xib */; };
		4519CB8319C211DF002007C7 /* addPic.png in Resources */ = {isa = PBXBuildFile; fileRef = 4519CB8219C211DF002007C7 /* addPic.png */; };
		4519CB8519C21460002007C7 /* addPicTrans.png in Resources */ = {isa = PBXBuildFile; fileRef = 4519CB8419C21460002007C7 /* addPicTrans.png */; };
		4523E18C19C033FF0056A548 /* bookmark_photo.jpg in Resources */ = {isa = PBXBuildFile; fileRef = 4523E17D19C033FF0056A548 /* bookmark_photo.jpg */; };
		4523E18D19C033FF0056A548 /* bookmark.png in Resources */ = {isa = PBXBuildFile; fileRef = 4523E17E19C033FF0056A548 /* bookmark.png */; };
		4523E18E19C033FF0056A548 /* calendar_photo.jpg in Resources */ = {isa = PBXBuildFile; fileRef = 4523E17F19C033FF0056A548 /* calendar_photo.jpg */; };
		4523E18F19C033FF0056A548 /* calendar.png in Resources */ = {isa = PBXBuildFile; fileRef = 4523E18019C033FF0056A548 /* calendar.png */; };
		4523E19019C033FF0056A548 /* comments_photo.jpg in Resources */ = {isa = PBXBuildFile; fileRef = 4523E18119C033FF0056A548 /* comments_photo.jpg */; };
		4523E19119C033FF0056A548 /* comments.png in Resources */ = {isa = PBXBuildFile; fileRef = 4523E18219C033FF0056A548 /* comments.png */; };
		4523E19219C033FF0056A548 /* map.png in Resources */ = {isa = PBXBuildFile; fileRef = 4523E18319C033FF0056A548 /* map.png */; };
		4523E19319C033FF0056A548 /* menu.png in Resources */ = {isa = PBXBuildFile; fileRef = 4523E18419C033FF0056A548 /* menu.png */; };
		4523E19419C033FF0056A548 /* menu@2x.png in Resources */ = {isa = PBXBuildFile; fileRef = 4523E18519C033FF0056A548 /* menu@2x.png */; };
		4523E19519C033FF0056A548 /* news.png in Resources */ = {isa = PBXBuildFile; fileRef = 4523E18619C033FF0056A548 /* news.png */; };
		4523E19619C033FF0056A548 /* photo.png in Resources */ = {isa = PBXBuildFile; fileRef = 4523E18719C033FF0056A548 /* photo.png */; };
		4523E19719C033FF0056A548 /* tag_photo.jpg in Resources */ = {isa = PBXBuildFile; fileRef = 4523E18819C033FF0056A548 /* tag_photo.jpg */; };
		4523E19819C033FF0056A548 /* tag.png in Resources */ = {isa = PBXBuildFile; fileRef = 4523E18919C033FF0056A548 /* tag.png */; };
		4523E19919C033FF0056A548 /* wishlist_photo.jpg in Resources */ = {isa = PBXBuildFile; fileRef = 4523E18A19C033FF0056A548 /* wishlist_photo.jpg */; };
		4523E19A19C033FF0056A548 /* wishlist.png in Resources */ = {isa = PBXBuildFile; fileRef = 4523E18B19C033FF0056A548 /* wishlist.png */; };
		4523E19D19C034290056A548 /* ATMainViewController.m in Sources */ = {isa = PBXBuildFile; fileRef = 4523E19C19C034290056A548 /* ATMainViewController.m */; };
		4523E1A019C037C70056A548 /* ATMapViewController.m in Sources */ = {isa = PBXBuildFile; fileRef = 4523E19F19C037C70056A548 /* ATMapViewController.m */; };
		4523E1A319C0390C0056A548 /* ATSideBarViewController.m in Sources */ = {isa = PBXBuildFile; fileRef = 4523E1A219C0390C0056A548 /* ATSideBarViewController.m */; };
		4523E1A619C0397C0056A548 /* ATPhotoViewController.m in Sources */ = {isa = PBXBuildFile; fileRef = 4523E1A519C0397C0056A548 /* ATPhotoViewController.m */; };
		4523E1B819C03B1B0056A548 /* comments_photo.jpg in Resources */ = {isa = PBXBuildFile; fileRef = 4523E1A819C03B1A0056A548 /* comments_photo.jpg */; };
		4523E1B919C03B1B0056A548 /* bookmark_photo.jpg in Resources */ = {isa = PBXBuildFile; fileRef = 4523E1A919C03B1A0056A548 /* bookmark_photo.jpg */; };
		4523E1BA19C03B1B0056A548 /* tag_photo.jpg in Resources */ = {isa = PBXBuildFile; fileRef = 4523E1AA19C03B1A0056A548 /* tag_photo.jpg */; };
		4523E1BB19C03B1B0056A548 /* calendar_photo.jpg in Resources */ = {isa = PBXBuildFile; fileRef = 4523E1AB19C03B1A0056A548 /* calendar_photo.jpg */; };
		4523E1BC19C03B1B0056A548 /* wishlist_photo.jpg in Resources */ = {isa = PBXBuildFile; fileRef = 4523E1AC19C03B1A0056A548 /* wishlist_photo.jpg */; };
		4523E1BD19C03B1B0056A548 /* menu.png in Resources */ = {isa = PBXBuildFile; fileRef = 4523E1AD19C03B1A0056A548 /* menu.png */; };
		4523E1BE19C03B1B0056A548 /* menu@2x.png in Resources */ = {isa = PBXBuildFile; fileRef = 4523E1AE19C03B1A0056A548 /* menu@2x.png */; };
		4523E1BF19C03B1B0056A548 /* nav_bg.png in Resources */ = {isa = PBXBuildFile; fileRef = 4523E1AF19C03B1A0056A548 /* nav_bg.png */; };
		4523E1C019C03B1B0056A548 /* bookmark.png in Resources */ = {isa = PBXBuildFile; fileRef = 4523E1B019C03B1A0056A548 /* bookmark.png */; };
		4523E1C119C03B1B0056A548 /* calendar.png in Resources */ = {isa = PBXBuildFile; fileRef = 4523E1B119C03B1A0056A548 /* calendar.png */; };
		4523E1C219C03B1B0056A548 /* comments.png in Resources */ = {isa = PBXBuildFile; fileRef = 4523E1B219C03B1B0056A548 /* comments.png */; };
		4523E1C319C03B1B0056A548 /* map.png in Resources */ = {isa = PBXBuildFile; fileRef = 4523E1B319C03B1B0056A548 /* map.png */; };
		4523E1C419C03B1B0056A548 /* news.png in Resources */ = {isa = PBXBuildFile; fileRef = 4523E1B419C03B1B0056A548 /* news.png */; };
		4523E1C519C03B1B0056A548 /* photo.png in Resources */ = {isa = PBXBuildFile; fileRef = 4523E1B519C03B1B0056A548 /* photo.png */; };
		4523E1C619C03B1B0056A548 /* tag.png in Resources */ = {isa = PBXBuildFile; fileRef = 4523E1B619C03B1B0056A548 /* tag.png */; };
		4523E1C719C03B1B0056A548 /* wishlist.png in Resources */ = {isa = PBXBuildFile; fileRef = 4523E1B719C03B1B0056A548 /* wishlist.png */; };
		4523E1CA19C043AB0056A548 /* ATLogInViewController.m in Sources */ = {isa = PBXBuildFile; fileRef = 4523E1C919C043AB0056A548 /* ATLogInViewController.m */; };
		4523E1CC19C050CE0056A548 /* logIn.png in Resources */ = {isa = PBXBuildFile; fileRef = 4523E1CB19C050CE0056A548 /* logIn.png */; };
		452CE76419C4299E00E9EB81 /* ATGenerateImageController.m in Sources */ = {isa = PBXBuildFile; fileRef = 452CE76219C4299E00E9EB81 /* ATGenerateImageController.m */; };
		452CE76919C429B500E9EB81 /* ViewControllerB.m in Sources */ = {isa = PBXBuildFile; fileRef = 452CE76719C429B500E9EB81 /* ViewControllerB.m */; };
		452EB8E619C181CB00203DAB /* settings.png in Resources */ = {isa = PBXBuildFile; fileRef = 452EB8E519C181CB00203DAB /* settings.png */; };
		4535939719D050FF007E8E8B /* libTestFlight.a in Frameworks */ = {isa = PBXBuildFile; fileRef = 4535939119D050FF007E8E8B /* libTestFlight.a */; };
		4535939819D050FF007E8E8B /* README.md in Resources */ = {isa = PBXBuildFile; fileRef = 4535939219D050FF007E8E8B /* README.md */; };
		4535939919D050FF007E8E8B /* release_notes.md in Resources */ = {isa = PBXBuildFile; fileRef = 4535939319D050FF007E8E8B /* release_notes.md */; };
		4535939B19D05299007E8E8B /* libz.dylib in Frameworks */ = {isa = PBXBuildFile; fileRef = 4535939A19D05299007E8E8B /* libz.dylib */; };
		453CB30119C8D3CC0019D43C /* backExFinal2.png in Resources */ = {isa = PBXBuildFile; fileRef = 453CB30019C8D3CC0019D43C /* backExFinal2.png */; };
		4544D16F19C0B65F00C9B40A /* SystemConfiguration.framework in Frameworks */ = {isa = PBXBuildFile; fileRef = 4544D16E19C0B65F00C9B40A /* SystemConfiguration.framework */; };
		4544D17119C0B70E00C9B40A /* MobileCoreServices.framework in Frameworks */ = {isa = PBXBuildFile; fileRef = 4544D17019C0B70E00C9B40A /* MobileCoreServices.framework */; };
		4544D17519C0C23000C9B40A /* Comms.m in Sources */ = {isa = PBXBuildFile; fileRef = 4544D17419C0C23000C9B40A /* Comms.m */; };
		45462C4819CB3EC200F76198 /* newsFeed.png in Resources */ = {isa = PBXBuildFile; fileRef = 45462C4719CB3EC200F76198 /* newsFeed.png */; };
		45462C4A19CB418100F76198 /* bookmark_feed.png in Resources */ = {isa = PBXBuildFile; fileRef = 45462C4919CB418100F76198 /* bookmark_feed.png */; };
		45462C4E19CB434300F76198 /* ATViewEventCell.m in Sources */ = {isa = PBXBuildFile; fileRef = 45462C4C19CB434300F76198 /* ATViewEventCell.m */; };
		45462C4F19CB434300F76198 /* ATViewEventCell.xib in Resources */ = {isa = PBXBuildFile; fileRef = 45462C4D19CB434300F76198 /* ATViewEventCell.xib */; };
		45462C5219CB458000F76198 /* ATNewsFeedController.m in Sources */ = {isa = PBXBuildFile; fileRef = 45462C5119CB458000F76198 /* ATNewsFeedController.m */; };
		45462C5419CB6F0B00F76198 /* exampleGif.png in Resources */ = {isa = PBXBuildFile; fileRef = 45462C5319CB6F0B00F76198 /* exampleGif.png */; };
		45462C5619CB701100F76198 /* exampleGif2.png in Resources */ = {isa = PBXBuildFile; fileRef = 45462C5519CB701100F76198 /* exampleGif2.png */; };
		45462C5819CB722100F76198 /* exampleGif2.gif in Resources */ = {isa = PBXBuildFile; fileRef = 45462C5719CB722100F76198 /* exampleGif2.gif */; };
		45462C5E19CB846600F76198 /* ATTabBarViewController.m in Sources */ = {isa = PBXBuildFile; fileRef = 45462C5D19CB846600F76198 /* ATTabBarViewController.m */; };
		454DA93319D95D81002FE2A7 /* Default-Landscape.png in Resources */ = {isa = PBXBuildFile; fileRef = 454DA92E19D95D81002FE2A7 /* Default-Landscape.png */; };
		454DA93419D95D81002FE2A7 /* Default-Landscape@2x.png in Resources */ = {isa = PBXBuildFile; fileRef = 454DA92F19D95D81002FE2A7 /* Default-Landscape@2x.png */; };
		454DA93519D95D81002FE2A7 /* Default-Portrait.png in Resources */ = {isa = PBXBuildFile; fileRef = 454DA93019D95D81002FE2A7 /* Default-Portrait.png */; };
		454DA93619D95D81002FE2A7 /* Default-Portrait@2x.png in Resources */ = {isa = PBXBuildFile; fileRef = 454DA93119D95D81002FE2A7 /* Default-Portrait@2x.png */; };
		454DA93719D95D81002FE2A7 /* Default@2x.png in Resources */ = {isa = PBXBuildFile; fileRef = 454DA93219D95D81002FE2A7 /* Default@2x.png */; };
		454DA93A19D9621A002FE2A7 /* ATSignUpController.m in Sources */ = {isa = PBXBuildFile; fileRef = 454DA93919D9621A002FE2A7 /* ATSignUpController.m */; };
		456B4D9519C0937200B8E5FB /* Bolts.framework in Frameworks */ = {isa = PBXBuildFile; fileRef = 456B4D9219C0937100B8E5FB /* Bolts.framework */; };
		456B4D9619C0937200B8E5FB /* Parse.framework in Frameworks */ = {isa = PBXBuildFile; fileRef = 456B4D9319C0937100B8E5FB /* Parse.framework */; };
		456B4D9719C0937200B8E5FB /* ParseFacebookUtils.framework in Frameworks */ = {isa = PBXBuildFile; fileRef = 456B4D9419C0937100B8E5FB /* ParseFacebookUtils.framework */; };
		456B4D9919C09A1300B8E5FB /* FacebookSDK.framework in Frameworks */ = {isa = PBXBuildFile; fileRef = 456B4D9819C09A1300B8E5FB /* FacebookSDK.framework */; };
		456B4D9B19C09F1500B8E5FB /* fb_oval.png in Resources */ = {isa = PBXBuildFile; fileRef = 456B4D9A19C09F1500B8E5FB /* fb_oval.png */; };
		456B4D9F19C0B52800B8E5FB /* startEngineButton.png in Resources */ = {isa = PBXBuildFile; fileRef = 456B4D9E19C0B52800B8E5FB /* startEngineButton.png */; };
		4572D1C919BFB241004165F4 /* Foundation.framework in Frameworks */ = {isa = PBXBuildFile; fileRef = 4572D1C819BFB241004165F4 /* Foundation.framework */; };
		4572D1CB19BFB241004165F4 /* CoreGraphics.framework in Frameworks */ = {isa = PBXBuildFile; fileRef = 4572D1CA19BFB241004165F4 /* CoreGraphics.framework */; };
		4572D1CD19BFB241004165F4 /* UIKit.framework in Frameworks */ = {isa = PBXBuildFile; fileRef = 4572D1CC19BFB241004165F4 /* UIKit.framework */; };
		4572D1D319BFB241004165F4 /* InfoPlist.strings in Resources */ = {isa = PBXBuildFile; fileRef = 4572D1D119BFB241004165F4 /* InfoPlist.strings */; };
		4572D1D519BFB241004165F4 /* main.m in Sources */ = {isa = PBXBuildFile; fileRef = 4572D1D419BFB241004165F4 /* main.m */; };
		4572D1D919BFB241004165F4 /* ATAppDelegate.m in Sources */ = {isa = PBXBuildFile; fileRef = 4572D1D819BFB241004165F4 /* ATAppDelegate.m */; };
		4572D1DC19BFB241004165F4 /* Main_iPhone.storyboard in Resources */ = {isa = PBXBuildFile; fileRef = 4572D1DA19BFB241004165F4 /* Main_iPhone.storyboard */; };
		4572D1DF19BFB241004165F4 /* Main_iPad.storyboard in Resources */ = {isa = PBXBuildFile; fileRef = 4572D1DD19BFB241004165F4 /* Main_iPad.storyboard */; };
		4572D1E219BFB241004165F4 /* ATViewController.m in Sources */ = {isa = PBXBuildFile; fileRef = 4572D1E119BFB241004165F4 /* ATViewController.m */; };
		4572D1E419BFB241004165F4 /* Images.xcassets in Resources */ = {isa = PBXBuildFile; fileRef = 4572D1E319BFB241004165F4 /* Images.xcassets */; };
		4572D1EB19BFB241004165F4 /* XCTest.framework in Frameworks */ = {isa = PBXBuildFile; fileRef = 4572D1EA19BFB241004165F4 /* XCTest.framework */; };
		4572D1EC19BFB241004165F4 /* Foundation.framework in Frameworks */ = {isa = PBXBuildFile; fileRef = 4572D1C819BFB241004165F4 /* Foundation.framework */; };
		4572D1ED19BFB241004165F4 /* UIKit.framework in Frameworks */ = {isa = PBXBuildFile; fileRef = 4572D1CC19BFB241004165F4 /* UIKit.framework */; };
		4572D1F519BFB241004165F4 /* InfoPlist.strings in Resources */ = {isa = PBXBuildFile; fileRef = 4572D1F319BFB241004165F4 /* InfoPlist.strings */; };
		4572D1F719BFB241004165F4 /* ArkoudotsarkesTests.m in Sources */ = {isa = PBXBuildFile; fileRef = 4572D1F619BFB241004165F4 /* ArkoudotsarkesTests.m */; };
		4572D20319BFB9AE004165F4 /* SWRevealViewController.m in Sources */ = {isa = PBXBuildFile; fileRef = 4572D20219BFB9AE004165F4 /* SWRevealViewController.m */; };
		4574B05819C382F10070D755 /* compass.png in Resources */ = {isa = PBXBuildFile; fileRef = 4574B05719C382F10070D755 /* compass.png */; };
		4576533519DA91D50044A887 /* tabBar.png in Resources */ = {isa = PBXBuildFile; fileRef = 4576533319DA91D50044A887 /* tabBar.png */; };
		4576533619DA91D50044A887 /* tabBar@2x.png in Resources */ = {isa = PBXBuildFile; fileRef = 4576533419DA91D50044A887 /* tabBar@2x.png */; };
		4576533919DA93A20044A887 /* halfBar.png in Resources */ = {isa = PBXBuildFile; fileRef = 4576533719DA93A20044A887 /* halfBar.png */; };
		4576533A19DA93A20044A887 /* halfBar@2x.png in Resources */ = {isa = PBXBuildFile; fileRef = 4576533819DA93A20044A887 /* halfBar@2x.png */; };
		4576533D19DA97AF0044A887 /* engineStarted.png in Resources */ = {isa = PBXBuildFile; fileRef = 4576533B19DA97AE0044A887 /* engineStarted.png */; };
		4576533E19DA97AF0044A887 /* engineStopped.png in Resources */ = {isa = PBXBuildFile; fileRef = 4576533C19DA97AF0044A887 /* engineStopped.png */; };
		4576534019DA99E20044A887 /* BackSettings.png in Resources */ = {isa = PBXBuildFile; fileRef = 4576533F19DA99E20044A887 /* BackSettings.png */; };
		4582DB8D19C2DDD500268017 /* appIcon60.png in Resources */ = {isa = PBXBuildFile; fileRef = 4582DB8C19C2DDD500268017 /* appIcon60.png */; };
		4582DB8F19C2DE3400268017 /* appIcon120.png in Resources */ = {isa = PBXBuildFile; fileRef = 4582DB8E19C2DE3400268017 /* appIcon120.png */; };
		4582DB9319C2DF5000268017 /* appIcon152.png in Resources */ = {isa = PBXBuildFile; fileRef = 4582DB9019C2DF5000268017 /* appIcon152.png */; };
		4582DB9419C2DF5000268017 /* appIcon80.png in Resources */ = {isa = PBXBuildFile; fileRef = 4582DB9119C2DF5000268017 /* appIcon80.png */; };
		4582DB9519C2DF5000268017 /* appIcon58.png in Resources */ = {isa = PBXBuildFile; fileRef = 4582DB9219C2DF5000268017 /* appIcon58.png */; };
		4582DB9819C2E71B00268017 /* ATNewUserTableViewController.m in Sources */ = {isa = PBXBuildFile; fileRef = 4582DB9719C2E71B00268017 /* ATNewUserTableViewController.m */; };
		4582DB9C19C2ED6400268017 /* MBProgressHub.m in Sources */ = {isa = PBXBuildFile; fileRef = 4582DB9B19C2ED6400268017 /* MBProgressHub.m */; };
		4582DB9E19C30F2400268017 /* MapKit.framework in Frameworks */ = {isa = PBXBuildFile; fileRef = 4582DB9D19C30F2400268017 /* MapKit.framework */; };
		458FB94D19C977C700E50BB3 /* contactIcon.png in Resources */ = {isa = PBXBuildFile; fileRef = 458FB94C19C977C700E50BB3 /* contactIcon.png */; };
		458FB94F19C9819500E50BB3 /* offroad-enduro.png in Resources */ = {isa = PBXBuildFile; fileRef = 458FB94E19C9819500E50BB3 /* offroad-enduro.png */; };
		458FB95119C984B400E50BB3 /* backGroundDesert.png in Resources */ = {isa = PBXBuildFile; fileRef = 458FB95019C984B400E50BB3 /* backGroundDesert.png */; };
		458FB95519C9992400E50BB3 /* backGroundDesert2.png in Resources */ = {isa = PBXBuildFile; fileRef = 458FB95419C9992400E50BB3 /* backGroundDesert2.png */; };
		458FB95719C9B61300E50BB3 /* UIBarButtonCamera_2x.png in Resources */ = {isa = PBXBuildFile; fileRef = 458FB95619C9B61300E50BB3 /* UIBarButtonCamera_2x.png */; };
		458FB95919C9B6D200E50BB3 /* UIBarButtonCamera.png in Resources */ = {isa = PBXBuildFile; fileRef = 458FB95819C9B6D200E50BB3 /* UIBarButtonCamera.png */; };
		45A91CE719C8C08100012A3E /* ATContactViewController.m in Sources */ = {isa = PBXBuildFile; fileRef = 45A91CE619C8C08100012A3E /* ATContactViewController.m */; };
		45A91CEB19C8C9BC00012A3E /* facebook-icon2.png in Resources */ = {isa = PBXBuildFile; fileRef = 45A91CEA19C8C9BC00012A3E /* facebook-icon2.png */; };
		45A91CED19C8CC3B00012A3E /* backEx1.png in Resources */ = {isa = PBXBuildFile; fileRef = 45A91CEC19C8CC3B00012A3E /* backEx1.png */; };
		45A91CEF19C8CD6300012A3E /* backEx2.png in Resources */ = {isa = PBXBuildFile; fileRef = 45A91CEE19C8CD6300012A3E /* backEx2.png */; };
		45A91CF119C8CDF700012A3E /* backExFinal.png in Resources */ = {isa = PBXBuildFile; fileRef = 45A91CF019C8CDF700012A3E /* backExFinal.png */; };
		45B47CEB19CA356C0071CCF9 /* PublishEvent.m in Sources */ = {isa = PBXBuildFile; fileRef = 45B47CEA19CA356C0071CCF9 /* PublishEvent.m */; };
/* End PBXBuildFile section */

/* Begin PBXContainerItemProxy section */
		4572D1EE19BFB241004165F4 /* PBXContainerItemProxy */ = {
			isa = PBXContainerItemProxy;
			containerPortal = 4572D1BD19BFB241004165F4 /* Project object */;
			proxyType = 1;
			remoteGlobalIDString = 4572D1C419BFB241004165F4;
			remoteInfo = Arkoudotsarkes;
		};
/* End PBXContainerItemProxy section */

/* Begin PBXFileReference section */
		4513807119D9550A009F5108 /* Default-568h@2x.png */ = {isa = PBXFileReference; lastKnownFileType = image.png; path = "Default-568h@2x.png"; sourceTree = "<group>"; };
		4513807619D9550A009F5108 /* Default.png */ = {isa = PBXFileReference; lastKnownFileType = image.png; path = Default.png; sourceTree = "<group>"; };
		4517A39319CB03C0002BEB36 /* facebook.png */ = {isa = PBXFileReference; lastKnownFileType = image.png; path = facebook.png; sourceTree = "<group>"; };
		4517A39419CB03C0002BEB36 /* twitter.png */ = {isa = PBXFileReference; lastKnownFileType = image.png; path = twitter.png; sourceTree = "<group>"; };
		4517A39819CB0C17002BEB36 /* Social.framework */ = {isa = PBXFileReference; lastKnownFileType = wrapper.framework; name = Social.framework; path = System/Library/Frameworks/Social.framework; sourceTree = SDKROOT; };
		4519CB7319C1D5FC002007C7 /* team.png */ = {isa = PBXFileReference; lastKnownFileType = image.png; path = team.png; sourceTree = "<group>"; };
		4519CB7519C1DDB7002007C7 /* ATSettingsViewController.h */ = {isa = PBXFileReference; fileEncoding = 4; lastKnownFileType = sourcecode.c.h; name = ATSettingsViewController.h; path = Arkoudotsarkes/ATSettingsViewController.h; sourceTree = "<group>"; };
		4519CB7619C1DDB7002007C7 /* ATSettingsViewController.m */ = {isa = PBXFileReference; fileEncoding = 4; lastKnownFileType = sourcecode.c.objc; name = ATSettingsViewController.m; path = Arkoudotsarkes/ATSettingsViewController.m; sourceTree = "<group>"; };
		4519CB7819C1E89E002007C7 /* backBtn.png */ = {isa = PBXFileReference; lastKnownFileType = image.png; path = backBtn.png; sourceTree = "<group>"; };
		4519CB7A19C20332002007C7 /* ATTeamTableViewController.h */ = {isa = PBXFileReference; fileEncoding = 4; lastKnownFileType = sourcecode.c.h; path = ATTeamTableViewController.h; sourceTree = "<group>"; };
		4519CB7B19C20332002007C7 /* ATTeamTableViewController.m */ = {isa = PBXFileReference; fileEncoding = 4; lastKnownFileType = sourcecode.c.objc; path = ATTeamTableViewController.m; sourceTree = "<group>"; };
		4519CB7D19C20474002007C7 /* ATTableViewCell.h */ = {isa = PBXFileReference; fileEncoding = 4; lastKnownFileType = sourcecode.c.h; path = ATTableViewCell.h; sourceTree = "<group>"; };
		4519CB7E19C20474002007C7 /* ATTableViewCell.m */ = {isa = PBXFileReference; fileEncoding = 4; lastKnownFileType = sourcecode.c.objc; path = ATTableViewCell.m; sourceTree = "<group>"; };
		4519CB7F19C20474002007C7 /* ATTableViewCell.xib */ = {isa = PBXFileReference; fileEncoding = 4; lastKnownFileType = file.xib; path = ATTableViewCell.xib; sourceTree = "<group>"; };
		4519CB8219C211DF002007C7 /* addPic.png */ = {isa = PBXFileReference; lastKnownFileType = image.png; path = addPic.png; sourceTree = "<group>"; };
		4519CB8419C21460002007C7 /* addPicTrans.png */ = {isa = PBXFileReference; lastKnownFileType = image.png; path = addPicTrans.png; sourceTree = "<group>"; };
		4523E17D19C033FF0056A548 /* bookmark_photo.jpg */ = {isa = PBXFileReference; lastKnownFileType = image.jpeg; path = bookmark_photo.jpg; sourceTree = "<group>"; };
		4523E17E19C033FF0056A548 /* bookmark.png */ = {isa = PBXFileReference; lastKnownFileType = image.png; path = bookmark.png; sourceTree = "<group>"; };
		4523E17F19C033FF0056A548 /* calendar_photo.jpg */ = {isa = PBXFileReference; lastKnownFileType = image.jpeg; path = calendar_photo.jpg; sourceTree = "<group>"; };
		4523E18019C033FF0056A548 /* calendar.png */ = {isa = PBXFileReference; lastKnownFileType = image.png; path = calendar.png; sourceTree = "<group>"; };
		4523E18119C033FF0056A548 /* comments_photo.jpg */ = {isa = PBXFileReference; lastKnownFileType = image.jpeg; path = comments_photo.jpg; sourceTree = "<group>"; };
		4523E18219C033FF0056A548 /* comments.png */ = {isa = PBXFileReference; lastKnownFileType = image.png; path = comments.png; sourceTree = "<group>"; };
		4523E18319C033FF0056A548 /* map.png */ = {isa = PBXFileReference; lastKnownFileType = image.png; path = map.png; sourceTree = "<group>"; };
		4523E18419C033FF0056A548 /* menu.png */ = {isa = PBXFileReference; lastKnownFileType = image.png; path = menu.png; sourceTree = "<group>"; };
		4523E18519C033FF0056A548 /* menu@2x.png */ = {isa = PBXFileReference; lastKnownFileType = image.png; path = "menu@2x.png"; sourceTree = "<group>"; };
		4523E18619C033FF0056A548 /* news.png */ = {isa = PBXFileReference; lastKnownFileType = image.png; path = news.png; sourceTree = "<group>"; };
		4523E18719C033FF0056A548 /* photo.png */ = {isa = PBXFileReference; lastKnownFileType = image.png; path = photo.png; sourceTree = "<group>"; };
		4523E18819C033FF0056A548 /* tag_photo.jpg */ = {isa = PBXFileReference; lastKnownFileType = image.jpeg; path = tag_photo.jpg; sourceTree = "<group>"; };
		4523E18919C033FF0056A548 /* tag.png */ = {isa = PBXFileReference; lastKnownFileType = image.png; path = tag.png; sourceTree = "<group>"; };
		4523E18A19C033FF0056A548 /* wishlist_photo.jpg */ = {isa = PBXFileReference; lastKnownFileType = image.jpeg; path = wishlist_photo.jpg; sourceTree = "<group>"; };
		4523E18B19C033FF0056A548 /* wishlist.png */ = {isa = PBXFileReference; lastKnownFileType = image.png; path = wishlist.png; sourceTree = "<group>"; };
		4523E19B19C034290056A548 /* ATMainViewController.h */ = {isa = PBXFileReference; fileEncoding = 4; lastKnownFileType = sourcecode.c.h; path = ATMainViewController.h; sourceTree = "<group>"; };
		4523E19C19C034290056A548 /* ATMainViewController.m */ = {isa = PBXFileReference; fileEncoding = 4; lastKnownFileType = sourcecode.c.objc; path = ATMainViewController.m; sourceTree = "<group>"; };
		4523E19E19C037C70056A548 /* ATMapViewController.h */ = {isa = PBXFileReference; fileEncoding = 4; lastKnownFileType = sourcecode.c.h; name = ATMapViewController.h; path = Arkoudotsarkes/ATMapViewController.h; sourceTree = "<group>"; };
		4523E19F19C037C70056A548 /* ATMapViewController.m */ = {isa = PBXFileReference; fileEncoding = 4; lastKnownFileType = sourcecode.c.objc; name = ATMapViewController.m; path = Arkoudotsarkes/ATMapViewController.m; sourceTree = "<group>"; };
		4523E1A119C0390C0056A548 /* ATSideBarViewController.h */ = {isa = PBXFileReference; fileEncoding = 4; lastKnownFileType = sourcecode.c.h; name = ATSideBarViewController.h; path = Arkoudotsarkes/ATSideBarViewController.h; sourceTree = "<group>"; };
		4523E1A219C0390C0056A548 /* ATSideBarViewController.m */ = {isa = PBXFileReference; fileEncoding = 4; lastKnownFileType = sourcecode.c.objc; name = ATSideBarViewController.m; path = Arkoudotsarkes/ATSideBarViewController.m; sourceTree = "<group>"; };
		4523E1A419C0397C0056A548 /* ATPhotoViewController.h */ = {isa = PBXFileReference; fileEncoding = 4; lastKnownFileType = sourcecode.c.h; path = ATPhotoViewController.h; sourceTree = "<group>"; };
		4523E1A519C0397C0056A548 /* ATPhotoViewController.m */ = {isa = PBXFileReference; fileEncoding = 4; lastKnownFileType = sourcecode.c.objc; path = ATPhotoViewController.m; sourceTree = "<group>"; };
		4523E1A819C03B1A0056A548 /* comments_photo.jpg */ = {isa = PBXFileReference; lastKnownFileType = image.jpeg; path = comments_photo.jpg; sourceTree = "<group>"; };
		4523E1A919C03B1A0056A548 /* bookmark_photo.jpg */ = {isa = PBXFileReference; lastKnownFileType = image.jpeg; path = bookmark_photo.jpg; sourceTree = "<group>"; };
		4523E1AA19C03B1A0056A548 /* tag_photo.jpg */ = {isa = PBXFileReference; lastKnownFileType = image.jpeg; path = tag_photo.jpg; sourceTree = "<group>"; };
		4523E1AB19C03B1A0056A548 /* calendar_photo.jpg */ = {isa = PBXFileReference; lastKnownFileType = image.jpeg; path = calendar_photo.jpg; sourceTree = "<group>"; };
		4523E1AC19C03B1A0056A548 /* wishlist_photo.jpg */ = {isa = PBXFileReference; lastKnownFileType = image.jpeg; path = wishlist_photo.jpg; sourceTree = "<group>"; };
		4523E1AD19C03B1A0056A548 /* menu.png */ = {isa = PBXFileReference; lastKnownFileType = image.png; path = menu.png; sourceTree = "<group>"; };
		4523E1AE19C03B1A0056A548 /* menu@2x.png */ = {isa = PBXFileReference; lastKnownFileType = image.png; path = "menu@2x.png"; sourceTree = "<group>"; };
		4523E1AF19C03B1A0056A548 /* nav_bg.png */ = {isa = PBXFileReference; lastKnownFileType = image.png; path = nav_bg.png; sourceTree = "<group>"; };
		4523E1B019C03B1A0056A548 /* bookmark.png */ = {isa = PBXFileReference; lastKnownFileType = image.png; path = bookmark.png; sourceTree = "<group>"; };
		4523E1B119C03B1A0056A548 /* calendar.png */ = {isa = PBXFileReference; lastKnownFileType = image.png; path = calendar.png; sourceTree = "<group>"; };
		4523E1B219C03B1B0056A548 /* comments.png */ = {isa = PBXFileReference; lastKnownFileType = image.png; path = comments.png; sourceTree = "<group>"; };
		4523E1B319C03B1B0056A548 /* map.png */ = {isa = PBXFileReference; lastKnownFileType = image.png; path = map.png; sourceTree = "<group>"; };
		4523E1B419C03B1B0056A548 /* news.png */ = {isa = PBXFileReference; lastKnownFileType = image.png; path = news.png; sourceTree = "<group>"; };
		4523E1B519C03B1B0056A548 /* photo.png */ = {isa = PBXFileReference; lastKnownFileType = image.png; path = photo.png; sourceTree = "<group>"; };
		4523E1B619C03B1B0056A548 /* tag.png */ = {isa = PBXFileReference; lastKnownFileType = image.png; path = tag.png; sourceTree = "<group>"; };
		4523E1B719C03B1B0056A548 /* wishlist.png */ = {isa = PBXFileReference; lastKnownFileType = image.png; path = wishlist.png; sourceTree = "<group>"; };
		4523E1C819C043AB0056A548 /* ATLogInViewController.h */ = {isa = PBXFileReference; fileEncoding = 4; lastKnownFileType = sourcecode.c.h; path = ATLogInViewController.h; sourceTree = "<group>"; };
		4523E1C919C043AB0056A548 /* ATLogInViewController.m */ = {isa = PBXFileReference; fileEncoding = 4; lastKnownFileType = sourcecode.c.objc; path = ATLogInViewController.m; sourceTree = "<group>"; };
		4523E1CB19C050CE0056A548 /* logIn.png */ = {isa = PBXFileReference; lastKnownFileType = image.png; path = logIn.png; sourceTree = "<group>"; };
		452CE76119C4299E00E9EB81 /* ATGenerateImageController.h */ = {isa = PBXFileReference; fileEncoding = 4; lastKnownFileType = sourcecode.c.h; path = ATGenerateImageController.h; sourceTree = "<group>"; };
		452CE76219C4299E00E9EB81 /* ATGenerateImageController.m */ = {isa = PBXFileReference; fileEncoding = 4; lastKnownFileType = sourcecode.c.objc; path = ATGenerateImageController.m; sourceTree = "<group>"; };
		452CE76619C429B500E9EB81 /* ViewControllerB.h */ = {isa = PBXFileReference; fileEncoding = 4; lastKnownFileType = sourcecode.c.h; path = ViewControllerB.h; sourceTree = "<group>"; };
		452CE76719C429B500E9EB81 /* ViewControllerB.m */ = {isa = PBXFileReference; fileEncoding = 4; lastKnownFileType = sourcecode.c.objc; path = ViewControllerB.m; sourceTree = "<group>"; };
		452EB8E519C181CB00203DAB /* settings.png */ = {isa = PBXFileReference; lastKnownFileType = image.png; path = settings.png; sourceTree = "<group>"; };
		4535939119D050FF007E8E8B /* libTestFlight.a */ = {isa = PBXFileReference; lastKnownFileType = archive.ar; path = libTestFlight.a; sourceTree = "<group>"; };
		4535939219D050FF007E8E8B /* README.md */ = {isa = PBXFileReference; fileEncoding = 4; lastKnownFileType = text; path = README.md; sourceTree = "<group>"; };
		4535939319D050FF007E8E8B /* release_notes.md */ = {isa = PBXFileReference; fileEncoding = 4; lastKnownFileType = text; path = release_notes.md; sourceTree = "<group>"; };
		4535939419D050FF007E8E8B /* TestFlight+AsyncLogging.h */ = {isa = PBXFileReference; fileEncoding = 4; lastKnownFileType = sourcecode.c.h; path = "TestFlight+AsyncLogging.h"; sourceTree = "<group>"; };
		4535939519D050FF007E8E8B /* TestFlight+ManualSessions.h */ = {isa = PBXFileReference; fileEncoding = 4; lastKnownFileType = sourcecode.c.h; path = "TestFlight+ManualSessions.h"; sourceTree = "<group>"; };
		4535939619D050FF007E8E8B /* TestFlight.h */ = {isa = PBXFileReference; fileEncoding = 4; lastKnownFileType = sourcecode.c.h; path = TestFlight.h; sourceTree = "<group>"; };
		4535939A19D05299007E8E8B /* libz.dylib */ = {isa = PBXFileReference; lastKnownFileType = "compiled.mach-o.dylib"; name = libz.dylib; path = usr/lib/libz.dylib; sourceTree = SDKROOT; };
		453CB30019C8D3CC0019D43C /* backExFinal2.png */ = {isa = PBXFileReference; lastKnownFileType = image.png; path = backExFinal2.png; sourceTree = "<group>"; };
		4544D16E19C0B65F00C9B40A /* SystemConfiguration.framework */ = {isa = PBXFileReference; lastKnownFileType = wrapper.framework; name = SystemConfiguration.framework; path = System/Library/Frameworks/SystemConfiguration.framework; sourceTree = SDKROOT; };
		4544D17019C0B70E00C9B40A /* MobileCoreServices.framework */ = {isa = PBXFileReference; lastKnownFileType = wrapper.framework; name = MobileCoreServices.framework; path = System/Library/Frameworks/MobileCoreServices.framework; sourceTree = SDKROOT; };
		4544D17319C0C23000C9B40A /* Comms.h */ = {isa = PBXFileReference; fileEncoding = 4; lastKnownFileType = sourcecode.c.h; path = Comms.h; sourceTree = "<group>"; };
		4544D17419C0C23000C9B40A /* Comms.m */ = {isa = PBXFileReference; fileEncoding = 4; lastKnownFileType = sourcecode.c.objc; path = Comms.m; sourceTree = "<group>"; };
		45462C4719CB3EC200F76198 /* newsFeed.png */ = {isa = PBXFileReference; lastKnownFileType = image.png; path = newsFeed.png; sourceTree = "<group>"; };
		45462C4919CB418100F76198 /* bookmark_feed.png */ = {isa = PBXFileReference; lastKnownFileType = image.png; path = bookmark_feed.png; sourceTree = "<group>"; };
		45462C4B19CB434300F76198 /* ATViewEventCell.h */ = {isa = PBXFileReference; fileEncoding = 4; lastKnownFileType = sourcecode.c.h; path = ATViewEventCell.h; sourceTree = "<group>"; };
		45462C4C19CB434300F76198 /* ATViewEventCell.m */ = {isa = PBXFileReference; fileEncoding = 4; lastKnownFileType = sourcecode.c.objc; path = ATViewEventCell.m; sourceTree = "<group>"; };
		45462C4D19CB434300F76198 /* ATViewEventCell.xib */ = {isa = PBXFileReference; fileEncoding = 4; lastKnownFileType = file.xib; path = ATViewEventCell.xib; sourceTree = "<group>"; };
		45462C5019CB458000F76198 /* ATNewsFeedController.h */ = {isa = PBXFileReference; fileEncoding = 4; lastKnownFileType = sourcecode.c.h; name = ATNewsFeedController.h; path = Arkoudotsarkes/ATNewsFeedController.h; sourceTree = "<group>"; };
		45462C5119CB458000F76198 /* ATNewsFeedController.m */ = {isa = PBXFileReference; fileEncoding = 4; lastKnownFileType = sourcecode.c.objc; name = ATNewsFeedController.m; path = Arkoudotsarkes/ATNewsFeedController.m; sourceTree = "<group>"; };
		45462C5319CB6F0B00F76198 /* exampleGif.png */ = {isa = PBXFileReference; lastKnownFileType = image.png; path = exampleGif.png; sourceTree = "<group>"; };
		45462C5519CB701100F76198 /* exampleGif2.png */ = {isa = PBXFileReference; lastKnownFileType = image.png; path = exampleGif2.png; sourceTree = "<group>"; };
		45462C5719CB722100F76198 /* exampleGif2.gif */ = {isa = PBXFileReference; lastKnownFileType = image.gif; path = exampleGif2.gif; sourceTree = "<group>"; };
		45462C5C19CB846600F76198 /* ATTabBarViewController.h */ = {isa = PBXFileReference; fileEncoding = 4; lastKnownFileType = sourcecode.c.h; path = ATTabBarViewController.h; sourceTree = "<group>"; };
		45462C5D19CB846600F76198 /* ATTabBarViewController.m */ = {isa = PBXFileReference; fileEncoding = 4; lastKnownFileType = sourcecode.c.objc; path = ATTabBarViewController.m; sourceTree = "<group>"; };
		454DA92E19D95D81002FE2A7 /* Default-Landscape.png */ = {isa = PBXFileReference; lastKnownFileType = image.png; path = "Default-Landscape.png"; sourceTree = "<group>"; };
		454DA92F19D95D81002FE2A7 /* Default-Landscape@2x.png */ = {isa = PBXFileReference; lastKnownFileType = image.png; path = "Default-Landscape@2x.png"; sourceTree = "<group>"; };
		454DA93019D95D81002FE2A7 /* Default-Portrait.png */ = {isa = PBXFileReference; lastKnownFileType = image.png; path = "Default-Portrait.png"; sourceTree = "<group>"; };
		454DA93119D95D81002FE2A7 /* Default-Portrait@2x.png */ = {isa = PBXFileReference; lastKnownFileType = image.png; path = "Default-Portrait@2x.png"; sourceTree = "<group>"; };
		454DA93219D95D81002FE2A7 /* Default@2x.png */ = {isa = PBXFileReference; lastKnownFileType = image.png; path = "Default@2x.png"; sourceTree = "<group>"; };
		454DA93819D9621A002FE2A7 /* ATSignUpController.h */ = {isa = PBXFileReference; fileEncoding = 4; lastKnownFileType = sourcecode.c.h; path = ATSignUpController.h; sourceTree = "<group>"; };
		454DA93919D9621A002FE2A7 /* ATSignUpController.m */ = {isa = PBXFileReference; fileEncoding = 4; lastKnownFileType = sourcecode.c.objc; path = ATSignUpController.m; sourceTree = "<group>"; };
		456B4D9219C0937100B8E5FB /* Bolts.framework */ = {isa = PBXFileReference; lastKnownFileType = wrapper.framework; path = Bolts.framework; sourceTree = "<group>"; };
		456B4D9319C0937100B8E5FB /* Parse.framework */ = {isa = PBXFileReference; lastKnownFileType = wrapper.framework; path = Parse.framework; sourceTree = "<group>"; };
		456B4D9419C0937100B8E5FB /* ParseFacebookUtils.framework */ = {isa = PBXFileReference; lastKnownFileType = wrapper.framework; path = ParseFacebookUtils.framework; sourceTree = "<group>"; };
		456B4D9819C09A1300B8E5FB /* FacebookSDK.framework */ = {isa = PBXFileReference; lastKnownFileType = wrapper.framework; path = FacebookSDK.framework; sourceTree = "<group>"; };
		456B4D9A19C09F1500B8E5FB /* fb_oval.png */ = {isa = PBXFileReference; lastKnownFileType = image.png; path = fb_oval.png; sourceTree = "<group>"; };
		456B4D9E19C0B52800B8E5FB /* startEngineButton.png */ = {isa = PBXFileReference; lastKnownFileType = image.png; path = startEngineButton.png; sourceTree = "<group>"; };
		4572D1C519BFB241004165F4 /* Arkoudotsarkes.app */ = {isa = PBXFileReference; explicitFileType = wrapper.application; includeInIndex = 0; path = Arkoudotsarkes.app; sourceTree = BUILT_PRODUCTS_DIR; };
		4572D1C819BFB241004165F4 /* Foundation.framework */ = {isa = PBXFileReference; lastKnownFileType = wrapper.framework; name = Foundation.framework; path = System/Library/Frameworks/Foundation.framework; sourceTree = SDKROOT; };
		4572D1CA19BFB241004165F4 /* CoreGraphics.framework */ = {isa = PBXFileReference; lastKnownFileType = wrapper.framework; name = CoreGraphics.framework; path = System/Library/Frameworks/CoreGraphics.framework; sourceTree = SDKROOT; };
		4572D1CC19BFB241004165F4 /* UIKit.framework */ = {isa = PBXFileReference; lastKnownFileType = wrapper.framework; name = UIKit.framework; path = System/Library/Frameworks/UIKit.framework; sourceTree = SDKROOT; };
		4572D1D019BFB241004165F4 /* Arkoudotsarkes-Info.plist */ = {isa = PBXFileReference; lastKnownFileType = text.plist.xml; path = "Arkoudotsarkes-Info.plist"; sourceTree = "<group>"; };
		4572D1D219BFB241004165F4 /* en */ = {isa = PBXFileReference; lastKnownFileType = text.plist.strings; name = en; path = en.lproj/InfoPlist.strings; sourceTree = "<group>"; };
		4572D1D419BFB241004165F4 /* main.m */ = {isa = PBXFileReference; lastKnownFileType = sourcecode.c.objc; path = main.m; sourceTree = "<group>"; };
		4572D1D619BFB241004165F4 /* Arkoudotsarkes-Prefix.pch */ = {isa = PBXFileReference; lastKnownFileType = sourcecode.c.h; path = "Arkoudotsarkes-Prefix.pch"; sourceTree = "<group>"; };
		4572D1D719BFB241004165F4 /* ATAppDelegate.h */ = {isa = PBXFileReference; lastKnownFileType = sourcecode.c.h; path = ATAppDelegate.h; sourceTree = "<group>"; };
		4572D1D819BFB241004165F4 /* ATAppDelegate.m */ = {isa = PBXFileReference; lastKnownFileType = sourcecode.c.objc; path = ATAppDelegate.m; sourceTree = "<group>"; };
		4572D1DB19BFB241004165F4 /* Base */ = {isa = PBXFileReference; lastKnownFileType = file.storyboard; name = Base; path = Base.lproj/Main_iPhone.storyboard; sourceTree = "<group>"; };
		4572D1DE19BFB241004165F4 /* Base */ = {isa = PBXFileReference; lastKnownFileType = file.storyboard; name = Base; path = Base.lproj/Main_iPad.storyboard; sourceTree = "<group>"; };
		4572D1E019BFB241004165F4 /* ATViewController.h */ = {isa = PBXFileReference; lastKnownFileType = sourcecode.c.h; path = ATViewController.h; sourceTree = "<group>"; };
		4572D1E119BFB241004165F4 /* ATViewController.m */ = {isa = PBXFileReference; lastKnownFileType = sourcecode.c.objc; path = ATViewController.m; sourceTree = "<group>"; };
		4572D1E319BFB241004165F4 /* Images.xcassets */ = {isa = PBXFileReference; lastKnownFileType = folder.assetcatalog; path = Images.xcassets; sourceTree = "<group>"; };
		4572D1E919BFB241004165F4 /* ArkoudotsarkesTests.xctest */ = {isa = PBXFileReference; explicitFileType = wrapper.cfbundle; includeInIndex = 0; path = ArkoudotsarkesTests.xctest; sourceTree = BUILT_PRODUCTS_DIR; };
		4572D1EA19BFB241004165F4 /* XCTest.framework */ = {isa = PBXFileReference; lastKnownFileType = wrapper.framework; name = XCTest.framework; path = Library/Frameworks/XCTest.framework; sourceTree = DEVELOPER_DIR; };
		4572D1F219BFB241004165F4 /* ArkoudotsarkesTests-Info.plist */ = {isa = PBXFileReference; lastKnownFileType = text.plist.xml; path = "ArkoudotsarkesTests-Info.plist"; sourceTree = "<group>"; };
		4572D1F419BFB241004165F4 /* en */ = {isa = PBXFileReference; lastKnownFileType = text.plist.strings; name = en; path = en.lproj/InfoPlist.strings; sourceTree = "<group>"; };
		4572D1F619BFB241004165F4 /* ArkoudotsarkesTests.m */ = {isa = PBXFileReference; lastKnownFileType = sourcecode.c.objc; path = ArkoudotsarkesTests.m; sourceTree = "<group>"; };
		4572D20119BFB9AE004165F4 /* SWRevealViewController.h */ = {isa = PBXFileReference; fileEncoding = 4; lastKnownFileType = sourcecode.c.h; path = SWRevealViewController.h; sourceTree = "<group>"; };
		4572D20219BFB9AE004165F4 /* SWRevealViewController.m */ = {isa = PBXFileReference; fileEncoding = 4; lastKnownFileType = sourcecode.c.objc; path = SWRevealViewController.m; sourceTree = "<group>"; };
		4574B05719C382F10070D755 /* compass.png */ = {isa = PBXFileReference; lastKnownFileType = image.png; path = compass.png; sourceTree = "<group>"; };
		4576533319DA91D50044A887 /* tabBar.png */ = {isa = PBXFileReference; lastKnownFileType = image.png; path = tabBar.png; sourceTree = "<group>"; };
		4576533419DA91D50044A887 /* tabBar@2x.png */ = {isa = PBXFileReference; lastKnownFileType = image.png; path = "tabBar@2x.png"; sourceTree = "<group>"; };
		4576533719DA93A20044A887 /* halfBar.png */ = {isa = PBXFileReference; lastKnownFileType = image.png; path = halfBar.png; sourceTree = "<group>"; };
		4576533819DA93A20044A887 /* halfBar@2x.png */ = {isa = PBXFileReference; lastKnownFileType = image.png; path = "halfBar@2x.png"; sourceTree = "<group>"; };
		4576533B19DA97AE0044A887 /* engineStarted.png */ = {isa = PBXFileReference; lastKnownFileType = image.png; path = engineStarted.png; sourceTree = "<group>"; };
		4576533C19DA97AF0044A887 /* engineStopped.png */ = {isa = PBXFileReference; lastKnownFileType = image.png; path = engineStopped.png; sourceTree = "<group>"; };
		4576533F19DA99E20044A887 /* BackSettings.png */ = {isa = PBXFileReference; lastKnownFileType = image.png; path = BackSettings.png; sourceTree = "<group>"; };
		4582DB8C19C2DDD500268017 /* appIcon60.png */ = {isa = PBXFileReference; lastKnownFileType = image.png; path = appIcon60.png; sourceTree = "<group>"; };
		4582DB8E19C2DE3400268017 /* appIcon120.png */ = {isa = PBXFileReference; lastKnownFileType = image.png; path = appIcon120.png; sourceTree = "<group>"; };
		4582DB9019C2DF5000268017 /* appIcon152.png */ = {isa = PBXFileReference; lastKnownFileType = image.png; path = appIcon152.png; sourceTree = "<group>"; };
		4582DB9119C2DF5000268017 /* appIcon80.png */ = {isa = PBXFileReference; lastKnownFileType = image.png; path = appIcon80.png; sourceTree = "<group>"; };
		4582DB9219C2DF5000268017 /* appIcon58.png */ = {isa = PBXFileReference; lastKnownFileType = image.png; path = appIcon58.png; sourceTree = "<group>"; };
		4582DB9619C2E71B00268017 /* ATNewUserTableViewController.h */ = {isa = PBXFileReference; fileEncoding = 4; lastKnownFileType = sourcecode.c.h; path = ATNewUserTableViewController.h; sourceTree = "<group>"; };
		4582DB9719C2E71B00268017 /* ATNewUserTableViewController.m */ = {isa = PBXFileReference; fileEncoding = 4; lastKnownFileType = sourcecode.c.objc; path = ATNewUserTableViewController.m; sourceTree = "<group>"; };
		4582DB9A19C2ED6400268017 /* MBProgressHub.h */ = {isa = PBXFileReference; fileEncoding = 4; lastKnownFileType = sourcecode.c.h; path = MBProgressHub.h; sourceTree = "<group>"; };
		4582DB9B19C2ED6400268017 /* MBProgressHub.m */ = {isa = PBXFileReference; fileEncoding = 4; lastKnownFileType = sourcecode.c.objc; path = MBProgressHub.m; sourceTree = "<group>"; };
		4582DB9D19C30F2400268017 /* MapKit.framework */ = {isa = PBXFileReference; lastKnownFileType = wrapper.framework; name = MapKit.framework; path = System/Library/Frameworks/MapKit.framework; sourceTree = SDKROOT; };
		458FB94C19C977C700E50BB3 /* contactIcon.png */ = {isa = PBXFileReference; lastKnownFileType = image.png; path = contactIcon.png; sourceTree = "<group>"; };
		458FB94E19C9819500E50BB3 /* offroad-enduro.png */ = {isa = PBXFileReference; lastKnownFileType = image.png; path = "offroad-enduro.png"; sourceTree = "<group>"; };
		458FB95019C984B400E50BB3 /* backGroundDesert.png */ = {isa = PBXFileReference; lastKnownFileType = image.png; path = backGroundDesert.png; sourceTree = "<group>"; };
		458FB95419C9992400E50BB3 /* backGroundDesert2.png */ = {isa = PBXFileReference; lastKnownFileType = image.png; path = backGroundDesert2.png; sourceTree = "<group>"; };
		458FB95619C9B61300E50BB3 /* UIBarButtonCamera_2x.png */ = {isa = PBXFileReference; lastKnownFileType = image.png; path = UIBarButtonCamera_2x.png; sourceTree = "<group>"; };
		458FB95819C9B6D200E50BB3 /* UIBarButtonCamera.png */ = {isa = PBXFileReference; lastKnownFileType = image.png; path = UIBarButtonCamera.png; sourceTree = "<group>"; };
		45A91CE519C8C08100012A3E /* ATContactViewController.h */ = {isa = PBXFileReference; fileEncoding = 4; lastKnownFileType = sourcecode.c.h; path = ATContactViewController.h; sourceTree = "<group>"; };
		45A91CE619C8C08100012A3E /* ATContactViewController.m */ = {isa = PBXFileReference; fileEncoding = 4; lastKnownFileType = sourcecode.c.objc; path = ATContactViewController.m; sourceTree = "<group>"; };
		45A91CEA19C8C9BC00012A3E /* facebook-icon2.png */ = {isa = PBXFileReference; lastKnownFileType = image.png; path = "facebook-icon2.png"; sourceTree = "<group>"; };
		45A91CEC19C8CC3B00012A3E /* backEx1.png */ = {isa = PBXFileReference; lastKnownFileType = image.png; path = backEx1.png; sourceTree = "<group>"; };
		45A91CEE19C8CD6300012A3E /* backEx2.png */ = {isa = PBXFileReference; lastKnownFileType = image.png; path = backEx2.png; sourceTree = "<group>"; };
		45A91CF019C8CDF700012A3E /* backExFinal.png */ = {isa = PBXFileReference; lastKnownFileType = image.png; path = backExFinal.png; sourceTree = "<group>"; };
		45B47CE919CA356C0071CCF9 /* PublishEvent.h */ = {isa = PBXFileReference; fileEncoding = 4; lastKnownFileType = sourcecode.c.h; path = PublishEvent.h; sourceTree = "<group>"; };
		45B47CEA19CA356C0071CCF9 /* PublishEvent.m */ = {isa = PBXFileReference; fileEncoding = 4; lastKnownFileType = sourcecode.c.objc; path = PublishEvent.m; sourceTree = "<group>"; };
/* End PBXFileReference section */

/* Begin PBXFrameworksBuildPhase section */
		4572D1C219BFB241004165F4 /* Frameworks */ = {
			isa = PBXFrameworksBuildPhase;
			buildActionMask = 2147483647;
			files = (
				4535939B19D05299007E8E8B /* libz.dylib in Frameworks */,
				4517A39919CB0C17002BEB36 /* Social.framework in Frameworks */,
				4582DB9E19C30F2400268017 /* MapKit.framework in Frameworks */,
				4544D17119C0B70E00C9B40A /* MobileCoreServices.framework in Frameworks */,
				4535939719D050FF007E8E8B /* libTestFlight.a in Frameworks */,
				4544D16F19C0B65F00C9B40A /* SystemConfiguration.framework in Frameworks */,
				4572D1CB19BFB241004165F4 /* CoreGraphics.framework in Frameworks */,
				4572D1CD19BFB241004165F4 /* UIKit.framework in Frameworks */,
				456B4D9719C0937200B8E5FB /* ParseFacebookUtils.framework in Frameworks */,
				4572D1C919BFB241004165F4 /* Foundation.framework in Frameworks */,
				456B4D9519C0937200B8E5FB /* Bolts.framework in Frameworks */,
				456B4D9619C0937200B8E5FB /* Parse.framework in Frameworks */,
				456B4D9919C09A1300B8E5FB /* FacebookSDK.framework in Frameworks */,
			);
			runOnlyForDeploymentPostprocessing = 0;
		};
		4572D1E619BFB241004165F4 /* Frameworks */ = {
			isa = PBXFrameworksBuildPhase;
			buildActionMask = 2147483647;
			files = (
				4572D1EB19BFB241004165F4 /* XCTest.framework in Frameworks */,
				4572D1ED19BFB241004165F4 /* UIKit.framework in Frameworks */,
				4572D1EC19BFB241004165F4 /* Foundation.framework in Frameworks */,
			);
			runOnlyForDeploymentPostprocessing = 0;
		};
/* End PBXFrameworksBuildPhase section */

/* Begin PBXGroup section */
		4523E17C19C033E00056A548 /* Images */ = {
			isa = PBXGroup;
			children = (
				4523E17D19C033FF0056A548 /* bookmark_photo.jpg */,
				4523E17E19C033FF0056A548 /* bookmark.png */,
				4523E17F19C033FF0056A548 /* calendar_photo.jpg */,
				4523E18019C033FF0056A548 /* calendar.png */,
				4523E18119C033FF0056A548 /* comments_photo.jpg */,
				4523E18219C033FF0056A548 /* comments.png */,
				4523E18319C033FF0056A548 /* map.png */,
				4523E18419C033FF0056A548 /* menu.png */,
				4523E18519C033FF0056A548 /* menu@2x.png */,
				4523E18619C033FF0056A548 /* news.png */,
				4523E18719C033FF0056A548 /* photo.png */,
				4523E18819C033FF0056A548 /* tag_photo.jpg */,
				4523E18919C033FF0056A548 /* tag.png */,
				4523E18A19C033FF0056A548 /* wishlist_photo.jpg */,
				4523E18B19C033FF0056A548 /* wishlist.png */,
			);
			name = Images;
			sourceTree = "<group>";
		};
		4523E1A719C03B0F0056A548 /* Images */ = {
			isa = PBXGroup;
			children = (
				4576533F19DA99E20044A887 /* BackSettings.png */,
				4576533B19DA97AE0044A887 /* engineStarted.png */,
				4576533C19DA97AF0044A887 /* engineStopped.png */,
				4576533719DA93A20044A887 /* halfBar.png */,
				4576533819DA93A20044A887 /* halfBar@2x.png */,
				4576533319DA91D50044A887 /* tabBar.png */,
				4576533419DA91D50044A887 /* tabBar@2x.png */,
				454DA92E19D95D81002FE2A7 /* Default-Landscape.png */,
				454DA92F19D95D81002FE2A7 /* Default-Landscape@2x.png */,
				454DA93019D95D81002FE2A7 /* Default-Portrait.png */,
				454DA93119D95D81002FE2A7 /* Default-Portrait@2x.png */,
				454DA93219D95D81002FE2A7 /* Default@2x.png */,
				4513807119D9550A009F5108 /* Default-568h@2x.png */,
				4513807619D9550A009F5108 /* Default.png */,
				45462C5719CB722100F76198 /* exampleGif2.gif */,
				45462C5519CB701100F76198 /* exampleGif2.png */,
				45462C5319CB6F0B00F76198 /* exampleGif.png */,
				45462C4919CB418100F76198 /* bookmark_feed.png */,
				45462C4719CB3EC200F76198 /* newsFeed.png */,
				4517A39319CB03C0002BEB36 /* facebook.png */,
				4517A39419CB03C0002BEB36 /* twitter.png */,
				458FB95819C9B6D200E50BB3 /* UIBarButtonCamera.png */,
				458FB95619C9B61300E50BB3 /* UIBarButtonCamera_2x.png */,
				458FB95419C9992400E50BB3 /* backGroundDesert2.png */,
				458FB95019C984B400E50BB3 /* backGroundDesert.png */,
				458FB94E19C9819500E50BB3 /* offroad-enduro.png */,
				458FB94C19C977C700E50BB3 /* contactIcon.png */,
				453CB30019C8D3CC0019D43C /* backExFinal2.png */,
				45A91CF019C8CDF700012A3E /* backExFinal.png */,
				45A91CEE19C8CD6300012A3E /* backEx2.png */,
				45A91CEC19C8CC3B00012A3E /* backEx1.png */,
				45A91CEA19C8C9BC00012A3E /* facebook-icon2.png */,
				4574B05719C382F10070D755 /* compass.png */,
				4582DB9019C2DF5000268017 /* appIcon152.png */,
				4582DB9119C2DF5000268017 /* appIcon80.png */,
				4582DB9219C2DF5000268017 /* appIcon58.png */,
				4582DB8E19C2DE3400268017 /* appIcon120.png */,
				4582DB8C19C2DDD500268017 /* appIcon60.png */,
				4519CB8419C21460002007C7 /* addPicTrans.png */,
				4519CB8219C211DF002007C7 /* addPic.png */,
				4519CB7819C1E89E002007C7 /* backBtn.png */,
				4519CB7319C1D5FC002007C7 /* team.png */,
				452EB8E519C181CB00203DAB /* settings.png */,
				456B4D9E19C0B52800B8E5FB /* startEngineButton.png */,
				456B4D9A19C09F1500B8E5FB /* fb_oval.png */,
				4523E1CB19C050CE0056A548 /* logIn.png */,
				4523E1A819C03B1A0056A548 /* comments_photo.jpg */,
				4523E1A919C03B1A0056A548 /* bookmark_photo.jpg */,
				4523E1AA19C03B1A0056A548 /* tag_photo.jpg */,
				4523E1AB19C03B1A0056A548 /* calendar_photo.jpg */,
				4523E1AC19C03B1A0056A548 /* wishlist_photo.jpg */,
				4523E1AD19C03B1A0056A548 /* menu.png */,
				4523E1AE19C03B1A0056A548 /* menu@2x.png */,
				4523E1AF19C03B1A0056A548 /* nav_bg.png */,
				4523E1B019C03B1A0056A548 /* bookmark.png */,
				4523E1B119C03B1A0056A548 /* calendar.png */,
				4523E1B219C03B1B0056A548 /* comments.png */,
				4523E1B319C03B1B0056A548 /* map.png */,
				4523E1B419C03B1B0056A548 /* news.png */,
				4523E1B519C03B1B0056A548 /* photo.png */,
				4523E1B619C03B1B0056A548 /* tag.png */,
				4523E1B719C03B1B0056A548 /* wishlist.png */,
			);
			name = Images;
			sourceTree = "<group>";
		};
		4535939019D050FF007E8E8B /* TestFlightSDK3 */ = {
			isa = PBXGroup;
			children = (
				4535939119D050FF007E8E8B /* libTestFlight.a */,
				4535939219D050FF007E8E8B /* README.md */,
				4535939319D050FF007E8E8B /* release_notes.md */,
				4535939419D050FF007E8E8B /* TestFlight+AsyncLogging.h */,
				4535939519D050FF007E8E8B /* TestFlight+ManualSessions.h */,
				4535939619D050FF007E8E8B /* TestFlight.h */,
			);
			path = TestFlightSDK3;
			sourceTree = "<group>";
		};
		4544D17219C0C21500C9B40A /* NSObjects */ = {
			isa = PBXGroup;
			children = (
				4544D17319C0C23000C9B40A /* Comms.h */,
				4544D17419C0C23000C9B40A /* Comms.m */,
			);
			name = NSObjects;
			sourceTree = "<group>";
		};
		4572D1BC19BFB241004165F4 = {
			isa = PBXGroup;
			children = (
				4574B05A19C38CF00070D755 /* Controllers */,
				4574B05919C38CCC0070D755 /* Nibs */,
				4582DB9919C2ED2800268017 /* MBProgressHub */,
				4544D17219C0C21500C9B40A /* NSObjects */,
				4523E1A719C03B0F0056A548 /* Images */,
				4572D20019BFB951004165F4 /* Library */,
				4572D1CE19BFB241004165F4 /* Arkoudotsarkes */,
				4572D1F019BFB241004165F4 /* ArkoudotsarkesTests */,
				4572D1C719BFB241004165F4 /* Frameworks */,
				4572D1C619BFB241004165F4 /* Products */,
			);
			sourceTree = "<group>";
		};
		4572D1C619BFB241004165F4 /* Products */ = {
			isa = PBXGroup;
			children = (
				4572D1C519BFB241004165F4 /* Arkoudotsarkes.app */,
				4572D1E919BFB241004165F4 /* ArkoudotsarkesTests.xctest */,
			);
			name = Products;
			sourceTree = "<group>";
		};
		4572D1C719BFB241004165F4 /* Frameworks */ = {
			isa = PBXGroup;
			children = (
				4535939A19D05299007E8E8B /* libz.dylib */,
				4535939019D050FF007E8E8B /* TestFlightSDK3 */,
				4517A39819CB0C17002BEB36 /* Social.framework */,
				4582DB9D19C30F2400268017 /* MapKit.framework */,
				4544D17019C0B70E00C9B40A /* MobileCoreServices.framework */,
				4544D16E19C0B65F00C9B40A /* SystemConfiguration.framework */,
				456B4D9819C09A1300B8E5FB /* FacebookSDK.framework */,
				456B4D9219C0937100B8E5FB /* Bolts.framework */,
				456B4D9319C0937100B8E5FB /* Parse.framework */,
				456B4D9419C0937100B8E5FB /* ParseFacebookUtils.framework */,
				4572D1C819BFB241004165F4 /* Foundation.framework */,
				4572D1CA19BFB241004165F4 /* CoreGraphics.framework */,
				4572D1CC19BFB241004165F4 /* UIKit.framework */,
				4572D1EA19BFB241004165F4 /* XCTest.framework */,
			);
			name = Frameworks;
			sourceTree = "<group>";
		};
		4572D1CE19BFB241004165F4 /* Arkoudotsarkes */ = {
			isa = PBXGroup;
			children = (
				4572D1D719BFB241004165F4 /* ATAppDelegate.h */,
				4572D1D819BFB241004165F4 /* ATAppDelegate.m */,
				4572D1DA19BFB241004165F4 /* Main_iPhone.storyboard */,
				4572D1DD19BFB241004165F4 /* Main_iPad.storyboard */,
				4572D1E019BFB241004165F4 /* ATViewController.h */,
				4572D1E119BFB241004165F4 /* ATViewController.m */,
				4523E19B19C034290056A548 /* ATMainViewController.h */,
				4523E19C19C034290056A548 /* ATMainViewController.m */,
				4572D1E319BFB241004165F4 /* Images.xcassets */,
				4572D1CF19BFB241004165F4 /* Supporting Files */,
				4523E1A419C0397C0056A548 /* ATPhotoViewController.h */,
				4523E1A519C0397C0056A548 /* ATPhotoViewController.m */,
				4519CB7A19C20332002007C7 /* ATTeamTableViewController.h */,
				4519CB7B19C20332002007C7 /* ATTeamTableViewController.m */,
				4582DB9619C2E71B00268017 /* ATNewUserTableViewController.h */,
				4582DB9719C2E71B00268017 /* ATNewUserTableViewController.m */,
				45A91CE519C8C08100012A3E /* ATContactViewController.h */,
				45A91CE619C8C08100012A3E /* ATContactViewController.m */,
			);
			path = Arkoudotsarkes;
			sourceTree = "<group>";
		};
		4572D1CF19BFB241004165F4 /* Supporting Files */ = {
			isa = PBXGroup;
			children = (
				4523E17C19C033E00056A548 /* Images */,
				4572D1D019BFB241004165F4 /* Arkoudotsarkes-Info.plist */,
				4572D1D119BFB241004165F4 /* InfoPlist.strings */,
				4572D1D419BFB241004165F4 /* main.m */,
				4572D1D619BFB241004165F4 /* Arkoudotsarkes-Prefix.pch */,
			);
			name = "Supporting Files";
			sourceTree = "<group>";
		};
		4572D1F019BFB241004165F4 /* ArkoudotsarkesTests */ = {
			isa = PBXGroup;
			children = (
				4572D1F619BFB241004165F4 /* ArkoudotsarkesTests.m */,
				4572D1F119BFB241004165F4 /* Supporting Files */,
			);
			path = ArkoudotsarkesTests;
			sourceTree = "<group>";
		};
		4572D1F119BFB241004165F4 /* Supporting Files */ = {
			isa = PBXGroup;
			children = (
				4572D1F219BFB241004165F4 /* ArkoudotsarkesTests-Info.plist */,
				4572D1F319BFB241004165F4 /* InfoPlist.strings */,
			);
			name = "Supporting Files";
			sourceTree = "<group>";
		};
		4572D20019BFB951004165F4 /* Library */ = {
			isa = PBXGroup;
			children = (
				4572D20119BFB9AE004165F4 /* SWRevealViewController.h */,
				4572D20219BFB9AE004165F4 /* SWRevealViewController.m */,
			);
			name = Library;
			sourceTree = "<group>";
		};
		4574B05919C38CCC0070D755 /* Nibs */ = {
			isa = PBXGroup;
			children = (
				4519CB7D19C20474002007C7 /* ATTableViewCell.h */,
				4519CB7E19C20474002007C7 /* ATTableViewCell.m */,
				4519CB7F19C20474002007C7 /* ATTableViewCell.xib */,
				452CE76619C429B500E9EB81 /* ViewControllerB.h */,
				452CE76719C429B500E9EB81 /* ViewControllerB.m */,
				45B47CE919CA356C0071CCF9 /* PublishEvent.h */,
				45B47CEA19CA356C0071CCF9 /* PublishEvent.m */,
				45462C4B19CB434300F76198 /* ATViewEventCell.h */,
				45462C4C19CB434300F76198 /* ATViewEventCell.m */,
				45462C4D19CB434300F76198 /* ATViewEventCell.xib */,
			);
			name = Nibs;
			sourceTree = "<group>";
		};
		4574B05A19C38CF00070D755 /* Controllers */ = {
			isa = PBXGroup;
			children = (
				4523E1A119C0390C0056A548 /* ATSideBarViewController.h */,
				4523E1A219C0390C0056A548 /* ATSideBarViewController.m */,
				4523E19E19C037C70056A548 /* ATMapViewController.h */,
				4523E19F19C037C70056A548 /* ATMapViewController.m */,
				4519CB7519C1DDB7002007C7 /* ATSettingsViewController.h */,
				4519CB7619C1DDB7002007C7 /* ATSettingsViewController.m */,
				4523E1C819C043AB0056A548 /* ATLogInViewController.h */,
				4523E1C919C043AB0056A548 /* ATLogInViewController.m */,
				454DA93819D9621A002FE2A7 /* ATSignUpController.h */,
				454DA93919D9621A002FE2A7 /* ATSignUpController.m */,
				45462C5C19CB846600F76198 /* ATTabBarViewController.h */,
				45462C5D19CB846600F76198 /* ATTabBarViewController.m */,
				45462C5019CB458000F76198 /* ATNewsFeedController.h */,
				45462C5119CB458000F76198 /* ATNewsFeedController.m */,
				452CE76119C4299E00E9EB81 /* ATGenerateImageController.h */,
				452CE76219C4299E00E9EB81 /* ATGenerateImageController.m */,
			);
			name = Controllers;
			sourceTree = "<group>";
		};
		4582DB9919C2ED2800268017 /* MBProgressHub */ = {
			isa = PBXGroup;
			children = (
				4582DB9A19C2ED6400268017 /* MBProgressHub.h */,
				4582DB9B19C2ED6400268017 /* MBProgressHub.m */,
			);
			name = MBProgressHub;
			sourceTree = "<group>";
		};
/* End PBXGroup section */

/* Begin PBXNativeTarget section */
		4572D1C419BFB241004165F4 /* Arkoudotsarkes */ = {
			isa = PBXNativeTarget;
			buildConfigurationList = 4572D1FA19BFB241004165F4 /* Build configuration list for PBXNativeTarget "Arkoudotsarkes" */;
			buildPhases = (
				4572D1C119BFB241004165F4 /* Sources */,
				4572D1C219BFB241004165F4 /* Frameworks */,
				4572D1C319BFB241004165F4 /* Resources */,
			);
			buildRules = (
			);
			dependencies = (
			);
			name = Arkoudotsarkes;
			productName = Arkoudotsarkes;
			productReference = 4572D1C519BFB241004165F4 /* Arkoudotsarkes.app */;
			productType = "com.apple.product-type.application";
		};
		4572D1E819BFB241004165F4 /* ArkoudotsarkesTests */ = {
			isa = PBXNativeTarget;
			buildConfigurationList = 4572D1FD19BFB241004165F4 /* Build configuration list for PBXNativeTarget "ArkoudotsarkesTests" */;
			buildPhases = (
				4572D1E519BFB241004165F4 /* Sources */,
				4572D1E619BFB241004165F4 /* Frameworks */,
				4572D1E719BFB241004165F4 /* Resources */,
			);
			buildRules = (
			);
			dependencies = (
				4572D1EF19BFB241004165F4 /* PBXTargetDependency */,
			);
			name = ArkoudotsarkesTests;
			productName = ArkoudotsarkesTests;
			productReference = 4572D1E919BFB241004165F4 /* ArkoudotsarkesTests.xctest */;
			productType = "com.apple.product-type.bundle.unit-test";
		};
/* End PBXNativeTarget section */

/* Begin PBXProject section */
		4572D1BD19BFB241004165F4 /* Project object */ = {
			isa = PBXProject;
			attributes = {
				CLASSPREFIX = AT;
				LastUpgradeCheck = 0510;
				ORGANIZATIONNAME = FlowerApps;
				TargetAttributes = {
					4572D1C419BFB241004165F4 = {
						DevelopmentTeam = GSW5GTCD4H;
					};
					4572D1E819BFB241004165F4 = {
						TestTargetID = 4572D1C419BFB241004165F4;
					};
				};
			};
			buildConfigurationList = 4572D1C019BFB241004165F4 /* Build configuration list for PBXProject "Arkoudotsarkes" */;
			compatibilityVersion = "Xcode 3.2";
			developmentRegion = English;
			hasScannedForEncodings = 0;
			knownRegions = (
				en,
				Base,
			);
			mainGroup = 4572D1BC19BFB241004165F4;
			productRefGroup = 4572D1C619BFB241004165F4 /* Products */;
			projectDirPath = "";
			projectRoot = "";
			targets = (
				4572D1C419BFB241004165F4 /* Arkoudotsarkes */,
				4572D1E819BFB241004165F4 /* ArkoudotsarkesTests */,
			);
		};
/* End PBXProject section */

/* Begin PBXResourcesBuildPhase section */
		4572D1C319BFB241004165F4 /* Resources */ = {
			isa = PBXResourcesBuildPhase;
			buildActionMask = 2147483647;
			files = (
				45462C5819CB722100F76198 /* exampleGif2.gif in Resources */,
				456B4D9F19C0B52800B8E5FB /* startEngineButton.png in Resources */,
				4517A39519CB03C0002BEB36 /* facebook.png in Resources */,
				4576533A19DA93A20044A887 /* halfBar@2x.png in Resources */,
				456B4D9B19C09F1500B8E5FB /* fb_oval.png in Resources */,
				4523E18E19C033FF0056A548 /* calendar_photo.jpg in Resources */,
				4523E1BF19C03B1B0056A548 /* nav_bg.png in Resources */,
				453CB30119C8D3CC0019D43C /* backExFinal2.png in Resources */,
				454DA93319D95D81002FE2A7 /* Default-Landscape.png in Resources */,
				4523E19719C033FF0056A548 /* tag_photo.jpg in Resources */,
				4523E19119C033FF0056A548 /* comments.png in Resources */,
				4523E19919C033FF0056A548 /* wishlist_photo.jpg in Resources */,
				4523E1C019C03B1B0056A548 /* bookmark.png in Resources */,
				458FB95519C9992400E50BB3 /* backGroundDesert2.png in Resources */,
				4523E19A19C033FF0056A548 /* wishlist.png in Resources */,
				454DA93619D95D81002FE2A7 /* Default-Portrait@2x.png in Resources */,
				4523E19619C033FF0056A548 /* photo.png in Resources */,
				4582DB9319C2DF5000268017 /* appIcon152.png in Resources */,
				45462C4A19CB418100F76198 /* bookmark_feed.png in Resources */,
				4523E1C619C03B1B0056A548 /* tag.png in Resources */,
				4523E19419C033FF0056A548 /* menu@2x.png in Resources */,
				4582DB8F19C2DE3400268017 /* appIcon120.png in Resources */,
				45462C4F19CB434300F76198 /* ATViewEventCell.xib in Resources */,
				458FB95719C9B61300E50BB3 /* UIBarButtonCamera_2x.png in Resources */,
				4523E1C119C03B1B0056A548 /* calendar.png in Resources */,
				4576533D19DA97AF0044A887 /* engineStarted.png in Resources */,
				4523E1C319C03B1B0056A548 /* map.png in Resources */,
				45462C5619CB701100F76198 /* exampleGif2.png in Resources */,
				4523E19019C033FF0056A548 /* comments_photo.jpg in Resources */,
				4523E1CC19C050CE0056A548 /* logIn.png in Resources */,
				4582DB9419C2DF5000268017 /* appIcon80.png in Resources */,
				458FB95119C984B400E50BB3 /* backGroundDesert.png in Resources */,
				4576533519DA91D50044A887 /* tabBar.png in Resources */,
				454DA93719D95D81002FE2A7 /* Default@2x.png in Resources */,
				45A91CEB19C8C9BC00012A3E /* facebook-icon2.png in Resources */,
				4513807819D9550A009F5108 /* Default-568h@2x.png in Resources */,
				4523E19519C033FF0056A548 /* news.png in Resources */,
				4513807D19D9550A009F5108 /* Default.png in Resources */,
				4523E1BC19C03B1B0056A548 /* wishlist_photo.jpg in Resources */,
				4576534019DA99E20044A887 /* BackSettings.png in Resources */,
				4523E18F19C033FF0056A548 /* calendar.png in Resources */,
				4523E19819C033FF0056A548 /* tag.png in Resources */,
				4523E1BA19C03B1B0056A548 /* tag_photo.jpg in Resources */,
				45A91CED19C8CC3B00012A3E /* backEx1.png in Resources */,
				4523E18C19C033FF0056A548 /* bookmark_photo.jpg in Resources */,
				4523E19219C033FF0056A548 /* map.png in Resources */,
				4582DB9519C2DF5000268017 /* appIcon58.png in Resources */,
				4523E1BE19C03B1B0056A548 /* menu@2x.png in Resources */,
				4572D1DF19BFB241004165F4 /* Main_iPad.storyboard in Resources */,
				4523E1C719C03B1B0056A548 /* wishlist.png in Resources */,
				4576533919DA93A20044A887 /* halfBar.png in Resources */,
				4519CB7419C1D5FC002007C7 /* team.png in Resources */,
				4519CB8519C21460002007C7 /* addPicTrans.png in Resources */,
				4523E1B919C03B1B0056A548 /* bookmark_photo.jpg in Resources */,
				4519CB8119C20474002007C7 /* ATTableViewCell.xib in Resources */,
				4523E1C219C03B1B0056A548 /* comments.png in Resources */,
				4517A39619CB03C0002BEB36 /* twitter.png in Resources */,
				45A91CEF19C8CD6300012A3E /* backEx2.png in Resources */,
				45A91CF119C8CDF700012A3E /* backExFinal.png in Resources */,
				4523E1BB19C03B1B0056A548 /* calendar_photo.jpg in Resources */,
				4523E1C419C03B1B0056A548 /* news.png in Resources */,
				4519CB8319C211DF002007C7 /* addPic.png in Resources */,
				4535939819D050FF007E8E8B /* README.md in Resources */,
				4535939919D050FF007E8E8B /* release_notes.md in Resources */,
				45462C4819CB3EC200F76198 /* newsFeed.png in Resources */,
				4572D1E419BFB241004165F4 /* Images.xcassets in Resources */,
				4523E19319C033FF0056A548 /* menu.png in Resources */,
				4582DB8D19C2DDD500268017 /* appIcon60.png in Resources */,
				4523E1B819C03B1B0056A548 /* comments_photo.jpg in Resources */,
				454DA93519D95D81002FE2A7 /* Default-Portrait.png in Resources */,
				4523E1BD19C03B1B0056A548 /* menu.png in Resources */,
				4523E18D19C033FF0056A548 /* bookmark.png in Resources */,
				4574B05819C382F10070D755 /* compass.png in Resources */,
				4572D1DC19BFB241004165F4 /* Main_iPhone.storyboard in Resources */,
				4576533619DA91D50044A887 /* tabBar@2x.png in Resources */,
				452EB8E619C181CB00203DAB /* settings.png in Resources */,
				4519CB7919C1E89E002007C7 /* backBtn.png in Resources */,
				4572D1D319BFB241004165F4 /* InfoPlist.strings in Resources */,
				4523E1C519C03B1B0056A548 /* photo.png in Resources */,
				458FB94D19C977C700E50BB3 /* contactIcon.png in Resources */,
				458FB94F19C9819500E50BB3 /* offroad-enduro.png in Resources */,
				45462C5419CB6F0B00F76198 /* exampleGif.png in Resources */,
				4576533E19DA97AF0044A887 /* engineStopped.png in Resources */,
				454DA93419D95D81002FE2A7 /* Default-Landscape@2x.png in Resources */,
				458FB95919C9B6D200E50BB3 /* UIBarButtonCamera.png in Resources */,
			);
			runOnlyForDeploymentPostprocessing = 0;
		};
		4572D1E719BFB241004165F4 /* Resources */ = {
			isa = PBXResourcesBuildPhase;
			buildActionMask = 2147483647;
			files = (
				4572D1F519BFB241004165F4 /* InfoPlist.strings in Resources */,
			);
			runOnlyForDeploymentPostprocessing = 0;
		};
/* End PBXResourcesBuildPhase section */

/* Begin PBXSourcesBuildPhase section */
		4572D1C119BFB241004165F4 /* Sources */ = {
			isa = PBXSourcesBuildPhase;
			buildActionMask = 2147483647;
			files = (
				4523E1CA19C043AB0056A548 /* ATLogInViewController.m in Sources */,
				4582DB9C19C2ED6400268017 /* MBProgressHub.m in Sources */,
				45462C4E19CB434300F76198 /* ATViewEventCell.m in Sources */,
				45462C5E19CB846600F76198 /* ATTabBarViewController.m in Sources */,
				4519CB7C19C20332002007C7 /* ATTeamTableViewController.m in Sources */,
				452CE76919C429B500E9EB81 /* ViewControllerB.m in Sources */,
				454DA93A19D9621A002FE2A7 /* ATSignUpController.m in Sources */,
				4523E1A619C0397C0056A548 /* ATPhotoViewController.m in Sources */,
				4572D1D519BFB241004165F4 /* main.m in Sources */,
				45B47CEB19CA356C0071CCF9 /* PublishEvent.m in Sources */,
				4544D17519C0C23000C9B40A /* Comms.m in Sources */,
				4572D1E219BFB241004165F4 /* ATViewController.m in Sources */,
				4523E1A319C0390C0056A548 /* ATSideBarViewController.m in Sources */,
				4523E1A019C037C70056A548 /* ATMapViewController.m in Sources */,
				45462C5219CB458000F76198 /* ATNewsFeedController.m in Sources */,
				4519CB8019C20474002007C7 /* ATTableViewCell.m in Sources */,
				4519CB7719C1DDB7002007C7 /* ATSettingsViewController.m in Sources */,
				4523E19D19C034290056A548 /* ATMainViewController.m in Sources */,
				452CE76419C4299E00E9EB81 /* ATGenerateImageController.m in Sources */,
				4572D1D919BFB241004165F4 /* ATAppDelegate.m in Sources */,
				4582DB9819C2E71B00268017 /* ATNewUserTableViewController.m in Sources */,
				45A91CE719C8C08100012A3E /* ATContactViewController.m in Sources */,
				4572D20319BFB9AE004165F4 /* SWRevealViewController.m in Sources */,
			);
			runOnlyForDeploymentPostprocessing = 0;
		};
		4572D1E519BFB241004165F4 /* Sources */ = {
			isa = PBXSourcesBuildPhase;
			buildActionMask = 2147483647;
			files = (
				4572D1F719BFB241004165F4 /* ArkoudotsarkesTests.m in Sources */,
			);
			runOnlyForDeploymentPostprocessing = 0;
		};
/* End PBXSourcesBuildPhase section */

/* Begin PBXTargetDependency section */
		4572D1EF19BFB241004165F4 /* PBXTargetDependency */ = {
			isa = PBXTargetDependency;
			target = 4572D1C419BFB241004165F4 /* Arkoudotsarkes */;
			targetProxy = 4572D1EE19BFB241004165F4 /* PBXContainerItemProxy */;
		};
/* End PBXTargetDependency section */

/* Begin PBXVariantGroup section */
		4572D1D119BFB241004165F4 /* InfoPlist.strings */ = {
			isa = PBXVariantGroup;
			children = (
				4572D1D219BFB241004165F4 /* en */,
			);
			name = InfoPlist.strings;
			sourceTree = "<group>";
		};
		4572D1DA19BFB241004165F4 /* Main_iPhone.storyboard */ = {
			isa = PBXVariantGroup;
			children = (
				4572D1DB19BFB241004165F4 /* Base */,
			);
			name = Main_iPhone.storyboard;
			sourceTree = "<group>";
		};
		4572D1DD19BFB241004165F4 /* Main_iPad.storyboard */ = {
			isa = PBXVariantGroup;
			children = (
				4572D1DE19BFB241004165F4 /* Base */,
			);
			name = Main_iPad.storyboard;
			sourceTree = "<group>";
		};
		4572D1F319BFB241004165F4 /* InfoPlist.strings */ = {
			isa = PBXVariantGroup;
			children = (
				4572D1F419BFB241004165F4 /* en */,
			);
			name = InfoPlist.strings;
			sourceTree = "<group>";
		};
/* End PBXVariantGroup section */

/* Begin XCBuildConfiguration section */
		4572D1F819BFB241004165F4 /* Debug */ = {
			isa = XCBuildConfiguration;
			buildSettings = {
				ALWAYS_SEARCH_USER_PATHS = NO;
				CLANG_CXX_LANGUAGE_STANDARD = "gnu++0x";
				CLANG_CXX_LIBRARY = "libc++";
				CLANG_ENABLE_MODULES = YES;
				CLANG_ENABLE_OBJC_ARC = YES;
				CLANG_WARN_BOOL_CONVERSION = YES;
				CLANG_WARN_CONSTANT_CONVERSION = YES;
				CLANG_WARN_DIRECT_OBJC_ISA_USAGE = YES_ERROR;
				CLANG_WARN_EMPTY_BODY = YES;
				CLANG_WARN_ENUM_CONVERSION = YES;
				CLANG_WARN_INT_CONVERSION = YES;
				CLANG_WARN_OBJC_ROOT_CLASS = YES_ERROR;
				CLANG_WARN__DUPLICATE_METHOD_MATCH = YES;
				"CODE_SIGN_IDENTITY[sdk=iphoneos*]" = "iPhone Developer";
				COPY_PHASE_STRIP = NO;
				GCC_C_LANGUAGE_STANDARD = gnu99;
				GCC_DYNAMIC_NO_PIC = NO;
				GCC_OPTIMIZATION_LEVEL = 0;
				GCC_PREPROCESSOR_DEFINITIONS = (
					"DEBUG=1",
					"$(inherited)",
				);
				GCC_SYMBOLS_PRIVATE_EXTERN = NO;
				GCC_WARN_64_TO_32_BIT_CONVERSION = YES;
				GCC_WARN_ABOUT_RETURN_TYPE = YES_ERROR;
				GCC_WARN_UNDECLARED_SELECTOR = YES;
				GCC_WARN_UNINITIALIZED_AUTOS = YES_AGGRESSIVE;
				GCC_WARN_UNUSED_FUNCTION = YES;
				GCC_WARN_UNUSED_VARIABLE = YES;
				IPHONEOS_DEPLOYMENT_TARGET = 8.0;
				ONLY_ACTIVE_ARCH = YES;
				SDKROOT = iphoneos;
				TARGETED_DEVICE_FAMILY = "1,2";
			};
			name = Debug;
		};
		4572D1F919BFB241004165F4 /* Release */ = {
			isa = XCBuildConfiguration;
			buildSettings = {
				ALWAYS_SEARCH_USER_PATHS = NO;
				CLANG_CXX_LANGUAGE_STANDARD = "gnu++0x";
				CLANG_CXX_LIBRARY = "libc++";
				CLANG_ENABLE_MODULES = YES;
				CLANG_ENABLE_OBJC_ARC = YES;
				CLANG_WARN_BOOL_CONVERSION = YES;
				CLANG_WARN_CONSTANT_CONVERSION = YES;
				CLANG_WARN_DIRECT_OBJC_ISA_USAGE = YES_ERROR;
				CLANG_WARN_EMPTY_BODY = YES;
				CLANG_WARN_ENUM_CONVERSION = YES;
				CLANG_WARN_INT_CONVERSION = YES;
				CLANG_WARN_OBJC_ROOT_CLASS = YES_ERROR;
				CLANG_WARN__DUPLICATE_METHOD_MATCH = YES;
				"CODE_SIGN_IDENTITY[sdk=iphoneos*]" = "iPhone Developer";
				COPY_PHASE_STRIP = YES;
				ENABLE_NS_ASSERTIONS = NO;
				GCC_C_LANGUAGE_STANDARD = gnu99;
				GCC_WARN_64_TO_32_BIT_CONVERSION = YES;
				GCC_WARN_ABOUT_RETURN_TYPE = YES_ERROR;
				GCC_WARN_UNDECLARED_SELECTOR = YES;
				GCC_WARN_UNINITIALIZED_AUTOS = YES_AGGRESSIVE;
				GCC_WARN_UNUSED_FUNCTION = YES;
				GCC_WARN_UNUSED_VARIABLE = YES;
				IPHONEOS_DEPLOYMENT_TARGET = 8.0;
				SDKROOT = iphoneos;
				TARGETED_DEVICE_FAMILY = "1,2";
				VALIDATE_PRODUCT = YES;
			};
			name = Release;
		};
		4572D1FB19BFB241004165F4 /* Debug */ = {
			isa = XCBuildConfiguration;
			buildSettings = {
				ASSETCATALOG_COMPILER_APPICON_NAME = AppIcon;
				ASSETCATALOG_COMPILER_LAUNCHIMAGE_NAME = LaunchImage;
				CODE_SIGN_IDENTITY = "iPhone Developer";
				"CODE_SIGN_IDENTITY[sdk=iphoneos*]" = "iPhone Developer";
				FRAMEWORK_SEARCH_PATHS = (
					"$(inherited)",
					"$(PROJECT_DIR)",
					"$(PROJECT_DIR)/HockeySDK-iOS/HockeySDK.embeddedframework",
				);
				GCC_PRECOMPILE_PREFIX_HEADER = YES;
				GCC_PREFIX_HEADER = "Arkoudotsarkes/Arkoudotsarkes-Prefix.pch";
				INFOPLIST_FILE = "Arkoudotsarkes/Arkoudotsarkes-Info.plist";
				LIBRARY_SEARCH_PATHS = (
					"$(inherited)",
					"$(PROJECT_DIR)/",
					"$(PROJECT_DIR)/TestFlightSDK3",
				);
				PRODUCT_NAME = "$(TARGET_NAME)";
				PROVISIONING_PROFILE = "";
				WRAPPER_EXTENSION = app;
			};
			name = Debug;
		};
		4572D1FC19BFB241004165F4 /* Release */ = {
			isa = XCBuildConfiguration;
			buildSettings = {
				ASSETCATALOG_COMPILER_APPICON_NAME = AppIcon;
				ASSETCATALOG_COMPILER_LAUNCHIMAGE_NAME = LaunchImage;
				CODE_SIGN_IDENTITY = "iPhone Developer";
				"CODE_SIGN_IDENTITY[sdk=iphoneos*]" = "iPhone Developer";
				FRAMEWORK_SEARCH_PATHS = (
					"$(inherited)",
					"$(PROJECT_DIR)",
					"$(PROJECT_DIR)/HockeySDK-iOS/HockeySDK.embeddedframework",
				);
				GCC_PRECOMPILE_PREFIX_HEADER = YES;
				GCC_PREFIX_HEADER = "Arkoudotsarkes/Arkoudotsarkes-Prefix.pch";
				INFOPLIST_FILE = "Arkoudotsarkes/Arkoudotsarkes-Info.plist";
				LIBRARY_SEARCH_PATHS = (
					"$(inherited)",
					"$(PROJECT_DIR)/",
					"$(PROJECT_DIR)/TestFlightSDK3",
				);
				PRODUCT_NAME = "$(TARGET_NAME)";
				PROVISIONING_PROFILE = "";
				WRAPPER_EXTENSION = app;
			};
			name = Release;
		};
		4572D1FE19BFB241004165F4 /* Debug */ = {
			isa = XCBuildConfiguration;
			buildSettings = {
				BUNDLE_LOADER = "$(BUILT_PRODUCTS_DIR)/Arkoudotsarkes.app/Arkoudotsarkes";
				FRAMEWORK_SEARCH_PATHS = (
					"$(SDKROOT)/Developer/Library/Frameworks",
					"$(inherited)",
					"$(DEVELOPER_FRAMEWORKS_DIR)",
				);
				GCC_PRECOMPILE_PREFIX_HEADER = YES;
				GCC_PREFIX_HEADER = "Arkoudotsarkes/Arkoudotsarkes-Prefix.pch";
				GCC_PREPROCESSOR_DEFINITIONS = (
					"DEBUG=1",
					"$(inherited)",
				);
				INFOPLIST_FILE = "ArkoudotsarkesTests/ArkoudotsarkesTests-Info.plist";
				PRODUCT_NAME = "$(TARGET_NAME)";
				TEST_HOST = "$(BUNDLE_LOADER)";
				WRAPPER_EXTENSION = xctest;
			};
			name = Debug;
		};
		4572D1FF19BFB241004165F4 /* Release */ = {
			isa = XCBuildConfiguration;
			buildSettings = {
				BUNDLE_LOADER = "$(BUILT_PRODUCTS_DIR)/Arkoudotsarkes.app/Arkoudotsarkes";
				FRAMEWORK_SEARCH_PATHS = (
					"$(SDKROOT)/Developer/Library/Frameworks",
					"$(inherited)",
					"$(DEVELOPER_FRAMEWORKS_DIR)",
				);
				GCC_PRECOMPILE_PREFIX_HEADER = YES;
				GCC_PREFIX_HEADER = "Arkoudotsarkes/Arkoudotsarkes-Prefix.pch";
				INFOPLIST_FILE = "ArkoudotsarkesTests/ArkoudotsarkesTests-Info.plist";
				PRODUCT_NAME = "$(TARGET_NAME)";
				TEST_HOST = "$(BUNDLE_LOADER)";
				WRAPPER_EXTENSION = xctest;
			};
			name = Release;
		};
/* End XCBuildConfiguration section */

/* Begin XCConfigurationList section */
		4572D1C019BFB241004165F4 /* Build configuration list for PBXProject "Arkoudotsarkes" */ = {
			isa = XCConfigurationList;
			buildConfigurations = (
				4572D1F819BFB241004165F4 /* Debug */,
				4572D1F919BFB241004165F4 /* Release */,
			);
			defaultConfigurationIsVisible = 0;
			defaultConfigurationName = Release;
		};
		4572D1FA19BFB241004165F4 /* Build configuration list for PBXNativeTarget "Arkoudotsarkes" */ = {
			isa = XCConfigurationList;
			buildConfigurations = (
				4572D1FB19BFB241004165F4 /* Debug */,
				4572D1FC19BFB241004165F4 /* Release */,
			);
			defaultConfigurationIsVisible = 0;
			defaultConfigurationName = Release;
		};
		4572D1FD19BFB241004165F4 /* Build configuration list for PBXNativeTarget "ArkoudotsarkesTests" */ = {
			isa = XCConfigurationList;
			buildConfigurations = (
				4572D1FE19BFB241004165F4 /* Debug */,
				4572D1FF19BFB241004165F4 /* Release */,
			);
			defaultConfigurationIsVisible = 0;
			defaultConfigurationName = Release;
		};
/* End XCConfigurationList section */
	};
	rootObject = 4572D1BD19BFB241004165F4 /* Project object */;
}
